Microsoft Visual Studio Solution File, Format Version 10.00
# Visual Studio 2008
Project("{8BC9CEB8-8B4A-11D0-8D11-00A0C91BC942}") = "uoch", "uoch.vcproj", "{23790FDF-20B3-46CD-AF9F-90F8C3D17C84}"
EndProject
Global
	GlobalSection(SolutionConfigurationPlatforms) = preSolution
		Debug|Win32 = Debug|Win32
		Release|Win32 = Release|Win32
	EndGlobalSection
	GlobalSection(ProjectConfigurationPlatforms) = postSolution
		{23790FDF-20B3-46CD-AF9F-90F8C3D17C84}.Debug|Win32.ActiveCfg = Debug|Win32
		{23790FDF-20B3-46CD-AF9F-90F8C3D17C84}.Debug|Win32.Build.0 = Debug|Win32
		{23790FDF-20B3-46CD-AF9F-90F8C3D17C84}.Release|Win32.ActiveCfg = Release|Win32
		{23790FDF-20B3-46CD-AF9F-90F8C3D17C84}.Release|Win32.Build.0 = Release|Win32
	EndGlobalSection
	GlobalSection(SolutionProperties) = preSolution
		HideSolutionNode = FALSE
	EndGlobalSection
EndGlobal
