Microsoft Visual Studio Solution File, Format Version 12.00
# Visual Studio 2012
Project("{8BC9CEB8-8B4A-11D0-8D11-00A0C91BC942}") = "clib", "clib\clib-2013.vcxproj", "{7CD5572B-8A78-46C5-AC2D-39EE47ACD01A}"
EndProject
Project("{8BC9CEB8-8B4A-11D0-8D11-00A0C91BC942}") = "ecompile", "ecompile\ecompile-2013.vcxproj", "{B1A8988C-6DD0-4F97-BFA3-D0FE74AF33C9}"
EndProject
Project("{8BC9CEB8-8B4A-11D0-8D11-00A0C91BC942}") = "plib", "plib\plib-2013.vcxproj", "{D45C6577-00E3-4995-A909-9C704A472565}"
EndProject
Project("{8BC9CEB8-8B4A-11D0-8D11-00A0C91BC942}") = "runecl", "runecl\runecl-2013.vcxproj", "{F8E03C1C-E402-4C84-826B-3BEC82066686}"
EndProject
Project("{8BC9CEB8-8B4A-11D0-8D11-00A0C91BC942}") = "pol", "pol\pol-2013.vcxproj", "{9931FF8E-092B-4E67-8E99-E237E1A481EB}"
EndProject
Project("{8BC9CEB8-8B4A-11D0-8D11-00A0C91BC942}") = "doc", "doc\doc-2013.vcxproj", "{701FAB6A-5BEA-49AA-8688-57F3637B2239}"
EndProject
Project("{8BC9CEB8-8B4A-11D0-8D11-00A0C91BC942}") = "support", "support\support-2013.vcxproj", "{D4F7092B-08EA-4CEF-94E8-3D1133CCA5B7}"
EndProject
Project("{8BC9CEB8-8B4A-11D0-8D11-00A0C91BC942}") = "uotool", "uotool\uotool-2013.vcxproj", "{96834D20-7421-46E7-B8DE-6FD2F7EAD7FE}"
EndProject
Project("{8BC9CEB8-8B4A-11D0-8D11-00A0C91BC942}") = "dist", "dist\dist-2013.vcxproj", "{1D3B3C40-100C-4C8E-8A58-AB49B5BD5A40}"
EndProject
Project("{8BC9CEB8-8B4A-11D0-8D11-00A0C91BC942}") = "poltool", "poltool\poltool-2013.vcxproj", "{CD7D0525-5425-480A-8C18-6B04C599B7E9}"
EndProject
Project("{8BC9CEB8-8B4A-11D0-8D11-00A0C91BC942}") = "uoconvert", "uoconvert\uoconvert-2013.vcxproj", "{CC6172A8-D7A4-4CC1-95FC-87A173E556F1}"
EndProject
Project("{8BC9CEB8-8B4A-11D0-8D11-00A0C91BC942}") = "bscript", "bscript\bscript-2013.vcxproj", "{5005476B-7BD3-42A2-94CA-3AD2D0E2947C}"
EndProject
Global
	GlobalSection(SolutionConfigurationPlatforms) = preSolution
		Debug|Win32 = Debug|Win32
		Debug|x64 = Debug|x64
		Release|Win32 = Release|Win32
		Release|x64 = Release|x64
	EndGlobalSection
	GlobalSection(ProjectConfigurationPlatforms) = postSolution
		{7CD5572B-8A78-46C5-AC2D-39EE47ACD01A}.Debug|Win32.ActiveCfg = Debug|Win32
		{7CD5572B-8A78-46C5-AC2D-39EE47ACD01A}.Debug|Win32.Build.0 = Debug|Win32
		{7CD5572B-8A78-46C5-AC2D-39EE47ACD01A}.Debug|x64.ActiveCfg = Debug|x64
		{7CD5572B-8A78-46C5-AC2D-39EE47ACD01A}.Debug|x64.Build.0 = Debug|x64
		{7CD5572B-8A78-46C5-AC2D-39EE47ACD01A}.Release|Win32.ActiveCfg = Release|Win32
		{7CD5572B-8A78-46C5-AC2D-39EE47ACD01A}.Release|Win32.Build.0 = Release|Win32
		{7CD5572B-8A78-46C5-AC2D-39EE47ACD01A}.Release|x64.ActiveCfg = Release|x64
		{7CD5572B-8A78-46C5-AC2D-39EE47ACD01A}.Release|x64.Build.0 = Release|x64
		{B1A8988C-6DD0-4F97-BFA3-D0FE74AF33C9}.Debug|Win32.ActiveCfg = Debug|Win32
		{B1A8988C-6DD0-4F97-BFA3-D0FE74AF33C9}.Debug|Win32.Build.0 = Debug|Win32
		{B1A8988C-6DD0-4F97-BFA3-D0FE74AF33C9}.Debug|x64.ActiveCfg = Debug|x64
		{B1A8988C-6DD0-4F97-BFA3-D0FE74AF33C9}.Debug|x64.Build.0 = Debug|x64
		{B1A8988C-6DD0-4F97-BFA3-D0FE74AF33C9}.Release|Win32.ActiveCfg = Release|Win32
		{B1A8988C-6DD0-4F97-BFA3-D0FE74AF33C9}.Release|Win32.Build.0 = Release|Win32
		{B1A8988C-6DD0-4F97-BFA3-D0FE74AF33C9}.Release|x64.ActiveCfg = Release|x64
		{B1A8988C-6DD0-4F97-BFA3-D0FE74AF33C9}.Release|x64.Build.0 = Release|x64
		{D45C6577-00E3-4995-A909-9C704A472565}.Debug|Win32.ActiveCfg = Debug|Win32
		{D45C6577-00E3-4995-A909-9C704A472565}.Debug|Win32.Build.0 = Debug|Win32
		{D45C6577-00E3-4995-A909-9C704A472565}.Debug|x64.ActiveCfg = Debug|x64
		{D45C6577-00E3-4995-A909-9C704A472565}.Debug|x64.Build.0 = Debug|x64
		{D45C6577-00E3-4995-A909-9C704A472565}.Release|Win32.ActiveCfg = Release|Win32
		{D45C6577-00E3-4995-A909-9C704A472565}.Release|Win32.Build.0 = Release|Win32
		{D45C6577-00E3-4995-A909-9C704A472565}.Release|x64.ActiveCfg = Release|x64
		{D45C6577-00E3-4995-A909-9C704A472565}.Release|x64.Build.0 = Release|x64
		{F8E03C1C-E402-4C84-826B-3BEC82066686}.Debug|Win32.ActiveCfg = Debug|Win32
		{F8E03C1C-E402-4C84-826B-3BEC82066686}.Debug|Win32.Build.0 = Debug|Win32
		{F8E03C1C-E402-4C84-826B-3BEC82066686}.Debug|x64.ActiveCfg = Debug|x64
		{F8E03C1C-E402-4C84-826B-3BEC82066686}.Debug|x64.Build.0 = Debug|x64
		{F8E03C1C-E402-4C84-826B-3BEC82066686}.Release|Win32.ActiveCfg = Release|Win32
		{F8E03C1C-E402-4C84-826B-3BEC82066686}.Release|Win32.Build.0 = Release|Win32
		{F8E03C1C-E402-4C84-826B-3BEC82066686}.Release|x64.ActiveCfg = Release|x64
		{F8E03C1C-E402-4C84-826B-3BEC82066686}.Release|x64.Build.0 = Release|x64
		{9931FF8E-092B-4E67-8E99-E237E1A481EB}.Debug|Win32.ActiveCfg = Debug|Win32
		{9931FF8E-092B-4E67-8E99-E237E1A481EB}.Debug|Win32.Build.0 = Debug|Win32
		{9931FF8E-092B-4E67-8E99-E237E1A481EB}.Debug|x64.ActiveCfg = Debug|x64
		{9931FF8E-092B-4E67-8E99-E237E1A481EB}.Debug|x64.Build.0 = Debug|x64
		{9931FF8E-092B-4E67-8E99-E237E1A481EB}.Release|Win32.ActiveCfg = Release|Win32
		{9931FF8E-092B-4E67-8E99-E237E1A481EB}.Release|Win32.Build.0 = Release|Win32
		{9931FF8E-092B-4E67-8E99-E237E1A481EB}.Release|x64.ActiveCfg = Release|x64
		{9931FF8E-092B-4E67-8E99-E237E1A481EB}.Release|x64.Build.0 = Release|x64
		{701FAB6A-5BEA-49AA-8688-57F3637B2239}.Debug|Win32.ActiveCfg = Debug|Win32
		{701FAB6A-5BEA-49AA-8688-57F3637B2239}.Debug|Win32.Build.0 = Debug|Win32
		{701FAB6A-5BEA-49AA-8688-57F3637B2239}.Debug|x64.ActiveCfg = Debug|x64
		{701FAB6A-5BEA-49AA-8688-57F3637B2239}.Debug|x64.Build.0 = Debug|x64
		{701FAB6A-5BEA-49AA-8688-57F3637B2239}.Release|Win32.ActiveCfg = Release|Win32
		{701FAB6A-5BEA-49AA-8688-57F3637B2239}.Release|Win32.Build.0 = Release|Win32
		{701FAB6A-5BEA-49AA-8688-57F3637B2239}.Release|x64.ActiveCfg = Release|x64
		{701FAB6A-5BEA-49AA-8688-57F3637B2239}.Release|x64.Build.0 = Release|x64
		{D4F7092B-08EA-4CEF-94E8-3D1133CCA5B7}.Debug|Win32.ActiveCfg = Debug|Win32
		{D4F7092B-08EA-4CEF-94E8-3D1133CCA5B7}.Debug|x64.ActiveCfg = Debug|x64
		{D4F7092B-08EA-4CEF-94E8-3D1133CCA5B7}.Release|Win32.ActiveCfg = Release|Win32
		{D4F7092B-08EA-4CEF-94E8-3D1133CCA5B7}.Release|x64.ActiveCfg = Release|x64
		{96834D20-7421-46E7-B8DE-6FD2F7EAD7FE}.Debug|Win32.ActiveCfg = Debug|Win32
		{96834D20-7421-46E7-B8DE-6FD2F7EAD7FE}.Debug|Win32.Build.0 = Debug|Win32
		{96834D20-7421-46E7-B8DE-6FD2F7EAD7FE}.Debug|x64.ActiveCfg = Debug|x64
		{96834D20-7421-46E7-B8DE-6FD2F7EAD7FE}.Debug|x64.Build.0 = Debug|x64
		{96834D20-7421-46E7-B8DE-6FD2F7EAD7FE}.Release|Win32.ActiveCfg = Release|Win32
		{96834D20-7421-46E7-B8DE-6FD2F7EAD7FE}.Release|Win32.Build.0 = Release|Win32
		{96834D20-7421-46E7-B8DE-6FD2F7EAD7FE}.Release|x64.ActiveCfg = Release|x64
		{96834D20-7421-46E7-B8DE-6FD2F7EAD7FE}.Release|x64.Build.0 = Release|x64
		{1D3B3C40-100C-4C8E-8A58-AB49B5BD5A40}.Debug|Win32.ActiveCfg = Debug|Win32
		{1D3B3C40-100C-4C8E-8A58-AB49B5BD5A40}.Debug|x64.ActiveCfg = Debug|x64
		{1D3B3C40-100C-4C8E-8A58-AB49B5BD5A40}.Release|Win32.ActiveCfg = Release|Win32
		{1D3B3C40-100C-4C8E-8A58-AB49B5BD5A40}.Release|x64.ActiveCfg = Release|x64
		{CD7D0525-5425-480A-8C18-6B04C599B7E9}.Debug|Win32.ActiveCfg = Debug|Win32
		{CD7D0525-5425-480A-8C18-6B04C599B7E9}.Debug|Win32.Build.0 = Debug|Win32
		{CD7D0525-5425-480A-8C18-6B04C599B7E9}.Debug|x64.ActiveCfg = Debug|x64
		{CD7D0525-5425-480A-8C18-6B04C599B7E9}.Debug|x64.Build.0 = Debug|x64
		{CD7D0525-5425-480A-8C18-6B04C599B7E9}.Release|Win32.ActiveCfg = Release|Win32
		{CD7D0525-5425-480A-8C18-6B04C599B7E9}.Release|Win32.Build.0 = Release|Win32
		{CD7D0525-5425-480A-8C18-6B04C599B7E9}.Release|x64.ActiveCfg = Release|x64
		{CD7D0525-5425-480A-8C18-6B04C599B7E9}.Release|x64.Build.0 = Release|x64
		{CC6172A8-D7A4-4CC1-95FC-87A173E556F1}.Debug|Win32.ActiveCfg = Debug|Win32
		{CC6172A8-D7A4-4CC1-95FC-87A173E556F1}.Debug|Win32.Build.0 = Debug|Win32
		{CC6172A8-D7A4-4CC1-95FC-87A173E556F1}.Debug|x64.ActiveCfg = Debug|x64
		{CC6172A8-D7A4-4CC1-95FC-87A173E556F1}.Debug|x64.Build.0 = Debug|x64
		{CC6172A8-D7A4-4CC1-95FC-87A173E556F1}.Release|Win32.ActiveCfg = Release|Win32
		{CC6172A8-D7A4-4CC1-95FC-87A173E556F1}.Release|Win32.Build.0 = Release|Win32
		{CC6172A8-D7A4-4CC1-95FC-87A173E556F1}.Release|x64.ActiveCfg = Release|x64
		{CC6172A8-D7A4-4CC1-95FC-87A173E556F1}.Release|x64.Build.0 = Release|x64
		{5005476B-7BD3-42A2-94CA-3AD2D0E2947C}.Debug|Win32.ActiveCfg = Debug|Win32
		{5005476B-7BD3-42A2-94CA-3AD2D0E2947C}.Debug|Win32.Build.0 = Debug|Win32
		{5005476B-7BD3-42A2-94CA-3AD2D0E2947C}.Debug|x64.ActiveCfg = Debug|x64
		{5005476B-7BD3-42A2-94CA-3AD2D0E2947C}.Debug|x64.Build.0 = Debug|x64
		{5005476B-7BD3-42A2-94CA-3AD2D0E2947C}.Release|Win32.ActiveCfg = Release|Win32
		{5005476B-7BD3-42A2-94CA-3AD2D0E2947C}.Release|Win32.Build.0 = Release|Win32
		{5005476B-7BD3-42A2-94CA-3AD2D0E2947C}.Release|x64.ActiveCfg = Release|x64
		{5005476B-7BD3-42A2-94CA-3AD2D0E2947C}.Release|x64.Build.0 = Release|x64
	EndGlobalSection
	GlobalSection(SolutionProperties) = preSolution
		HideSolutionNode = FALSE
	EndGlobalSection
	GlobalSection(DPCodeReviewSolutionGUID) = preSolution
		DPCodeReviewSolutionGUID = {00000000-0000-0000-0000-000000000000}
	EndGlobalSection
EndGlobal
