<?xml version="1.0" encoding="utf-8"?>
<Project ToolsVersion="4.0" xmlns="http://schemas.microsoft.com/developer/msbuild/2003">
  <ItemGroup>
    <Filter Include="Source Files">
      <UniqueIdentifier>{698c0780-488d-4a4b-ab22-dab1c09e1731}</UniqueIdentifier>
      <Extensions>cpp;c;cxx;rc;def;r;odl;idl;hpj;bat</Extensions>
    </Filter>
    <Filter Include="Header Files">
      <UniqueIdentifier>{48d3dd62-82f8-4aa5-8d7b-fdfe165b1877}</UniqueIdentifier>
      <Extensions>h;hpp;hxx;hm;inl</Extensions>
    </Filter>
  </ItemGroup>
  <ItemGroup>
    <ClCompile Include="filemapserver.cpp">
      <Filter>Source Files</Filter>
    </ClCompile>
    <ClCompile Include="inmemorymapserver.cpp">
      <Filter>Source Files</Filter>
    </ClCompile>
    <ClCompile Include="mapfunc.cpp">
      <Filter>Source Files</Filter>
    </ClCompile>
    <ClCompile Include="mapserver.cpp">
      <Filter>Source Files</Filter>
    </ClCompile>
    <ClCompile Include="maptileserver.cpp">
      <Filter>Source Files</Filter>
    </ClCompile>
    <ClCompile Include="mapwriter.cpp">
      <Filter>Source Files</Filter>
    </ClCompile>
    <ClCompile Include="pkg.cpp">
      <Filter>Source Files</Filter>
    </ClCompile>
    <ClCompile Include="realmdescriptor.cpp">
      <Filter>Source Files</Filter>
    </ClCompile>
    <ClCompile Include="staticserver.cpp">
      <Filter>Source Files</Filter>
    </ClCompile>
    <ClCompile Include="testdrop1.cpp">
      <Filter>Source Files</Filter>
    </ClCompile>
    <ClCompile Include="testenv.cpp">
      <Filter>Source Files</Filter>
    </ClCompile>
    <ClCompile Include="testlos1.cpp">
      <Filter>Source Files</Filter>
    </ClCompile>
    <ClCompile Include="testwalk1.cpp">
      <Filter>Source Files</Filter>
    </ClCompile>
    <ClCompile Include="uoexpansion.cpp">
      <Filter>Source Files</Filter>
    </ClCompile>
    <ClCompile Include="StdAfx.cpp">
      <Filter>Source Files</Filter>
    </ClCompile>
    <ClCompile Include="systemstate.cpp">
      <Filter>Source Files</Filter>
    </ClCompile>
    <ClCompile Include="..\pol\uofile00.cpp">
      <Filter>Source Files</Filter>
    </ClCompile>
    <ClCompile Include="..\pol\uofile01.cpp">
      <Filter>Source Files</Filter>
    </ClCompile>
    <ClCompile Include="..\pol\uofile02.cpp">
      <Filter>Source Files</Filter>
    </ClCompile>
    <ClCompile Include="..\uotool\uofile04.cpp">
      <Filter>Source Files</Filter>
    </ClCompile>
    <ClCompile Include="..\uotool\uofile05.cpp">
      <Filter>Source Files</Filter>
    </ClCompile>
    <ClCompile Include="..\pol\uofile06.cpp">
      <Filter>Source Files</Filter>
    </ClCompile>
    <ClCompile Include="..\pol\uofile07.cpp">
      <Filter>Source Files</Filter>
    </ClCompile>
    <ClCompile Include="..\pol\uofile08.cpp">
      <Filter>Source Files</Filter>
    </ClCompile>
  </ItemGroup>
  <ItemGroup>
    <ClInclude Include="filemapserver.h">
      <Filter>Header Files</Filter>
    </ClInclude>
    <ClInclude Include="inmemorymapserver.h">
      <Filter>Header Files</Filter>
    </ClInclude>
    <ClInclude Include="mapblob.h">
      <Filter>Header Files</Filter>
    </ClInclude>
    <ClInclude Include="mapblock.h">
      <Filter>Header Files</Filter>
    </ClInclude>
    <ClInclude Include="mapcell.h">
      <Filter>Header Files</Filter>
    </ClInclude>
    <ClInclude Include="mapfunc.h">
      <Filter>Header Files</Filter>
    </ClInclude>
    <ClInclude Include="mapserver.h">
      <Filter>Header Files</Filter>
    </ClInclude>
    <ClInclude Include="mapshape.h">
      <Filter>Header Files</Filter>
    </ClInclude>
    <ClInclude Include="mapsolid.h">
      <Filter>Header Files</Filter>
    </ClInclude>
    <ClInclude Include="maptile.h">
      <Filter>Header Files</Filter>
    </ClInclude>
    <ClInclude Include="maptileserver.h">
      <Filter>Header Files</Filter>
    </ClInclude>
    <ClInclude Include="mapwriter.h">
      <Filter>Header Files</Filter>
    </ClInclude>
    <ClInclude Include="pkg.h">
      <Filter>Header Files</Filter>
    </ClInclude>
    <ClInclude Include="realmdescriptor.h">
      <Filter>Header Files</Filter>
    </ClInclude>
    <ClInclude Include="staticblock.h">
      <Filter>Header Files</Filter>
    </ClInclude>
    <ClInclude Include="staticserver.h">
      <Filter>Header Files</Filter>
    </ClInclude>
    <ClInclude Include="testenv.h">
      <Filter>Header Files</Filter>
    </ClInclude>
    <ClInclude Include="fsa.h">
      <Filter>Header Files</Filter>
    </ClInclude>
    <ClInclude Include="stlastar.h">
      <Filter>Header Files</Filter>
    </ClInclude>
    <ClInclude Include="uoexpansion.h">
      <Filter>Header Files</Filter>
    </ClInclude>
    <ClInclude Include="WorldChangeReasons.h">
      <Filter>Header Files</Filter>
    </ClInclude>
    <ClInclude Include="StdAfx.h">
      <Filter>Header Files</Filter>
    </ClInclude>
    <ClInclude Include="systemstate.h">
      <Filter>Header Files</Filter>
    </ClInclude>
    <ClInclude Include="..\pol\uofilei.h">
      <Filter>Header Files</Filter>
    </ClInclude>
    <ClInclude Include="..\pol\uofile.h">
      <Filter>Header Files</Filter>
    </ClInclude>
  </ItemGroup>
</Project>