<?xml version="1.0" encoding="utf-8"?>
<Project ToolsVersion="4.0" xmlns="http://schemas.microsoft.com/developer/msbuild/2003">
  <ItemGroup>
    <Filter Include="Source Files">
      <UniqueIdentifier>{2754d24d-42b8-49d1-9c9b-ca7d634b1eca}</UniqueIdentifier>
      <Extensions>cpp;c;cxx;rc;def;r;odl;idl;hpj;bat</Extensions>
    </Filter>
    <Filter Include="Header Files">
      <UniqueIdentifier>{64b93dce-b77e-4f11-a4da-4e0c8ad64be6}</UniqueIdentifier>
      <Extensions>h;hpp;hxx;hm;inl</Extensions>
    </Filter>
  </ItemGroup>
  <ItemGroup>
    <ClCompile Include="berror.cpp">
      <Filter>Source Files</Filter>
    </ClCompile>
    <ClCompile Include="blong.cpp">
      <Filter>Source Files</Filter>
    </ClCompile>
    <ClCompile Include="bstruct.cpp">
      <Filter>Source Files</Filter>
    </ClCompile>
    <ClCompile Include="compctx.cpp">
      <Filter>Source Files</Filter>
    </ClCompile>
    <ClCompile Include="compiler.cpp">
      <Filter>Source Files</Filter>
    </ClCompile>
    <ClCompile Include="compilercfg.cpp">
      <Filter>Source Files</Filter>
    </ClCompile>
    <ClCompile Include="dbl.cpp">
      <Filter>Source Files</Filter>
    </ClCompile>
    <ClCompile Include="dict.cpp">
      <Filter>Source Files</Filter>
    </ClCompile>
    <ClCompile Include="eprog.cpp">
      <Filter>Source Files</Filter>
    </ClCompile>
    <ClCompile Include="eprog2.cpp">
      <Filter>Source Files</Filter>
    </ClCompile>
    <ClCompile Include="eprog3.cpp">
      <Filter>Source Files</Filter>
    </ClCompile>
    <ClCompile Include="eprog_read.cpp">
      <Filter>Source Files</Filter>
    </ClCompile>
    <ClCompile Include="escript_config.cpp">
      <Filter>Source Files</Filter>
    </ClCompile>
    <ClCompile Include="escriptv.cpp">
      <Filter>Source Files</Filter>
    </ClCompile>
    <ClCompile Include="escrutil.cpp">
      <Filter>Source Files</Filter>
    </ClCompile>
    <ClCompile Include="execmodl.cpp">
      <Filter>Source Files</Filter>
    </ClCompile>
    <ClCompile Include="executor.cpp">
      <Filter>Source Files</Filter>
    </ClCompile>
    <ClCompile Include="fmodule.cpp">
      <Filter>Source Files</Filter>
    </ClCompile>
    <ClCompile Include="object.cpp">
      <Filter>Source Files</Filter>
    </ClCompile>
    <ClCompile Include="objstrm.cpp">
      <Filter>Source Files</Filter>
    </ClCompile>
    <ClCompile Include="parser.cpp">
      <Filter>Source Files</Filter>
    </ClCompile>
    <ClCompile Include="StdAfx.cpp">
      <Filter>Source Files</Filter>
    </ClCompile>
    <ClCompile Include="str.cpp">
      <Filter>Source Files</Filter>
    </ClCompile>
    <ClCompile Include="symcont.cpp">
      <Filter>Source Files</Filter>
    </ClCompile>
    <ClCompile Include="tkn_strm.cpp">
      <Filter>Source Files</Filter>
    </ClCompile>
    <ClCompile Include="token.cpp">
      <Filter>Source Files</Filter>
    </ClCompile>
    <ClCompile Include="userfunc.cpp">
      <Filter>Source Files</Filter>
    </ClCompile>
    <ClCompile Include="tokens.cpp">
      <Filter>Source Files</Filter>
    </ClCompile>
  </ItemGroup>
  <ItemGroup>
    <ClInclude Include="berror.h">
      <Filter>Header Files</Filter>
    </ClInclude>
    <ClInclude Include="bobject.h">
      <Filter>Header Files</Filter>
    </ClInclude>
    <ClInclude Include="bstruct.h">
      <Filter>Header Files</Filter>
    </ClInclude>
    <ClInclude Include="compctx.h">
      <Filter>Header Files</Filter>
    </ClInclude>
    <ClInclude Include="compiler.h">
      <Filter>Header Files</Filter>
    </ClInclude>
    <ClInclude Include="compilercfg.h">
      <Filter>Header Files</Filter>
    </ClInclude>
    <ClInclude Include="compmodl.h">
      <Filter>Header Files</Filter>
    </ClInclude>
    <ClInclude Include="config.h">
      <Filter>Header Files</Filter>
    </ClInclude>
    <ClInclude Include="contiter.h">
      <Filter>Header Files</Filter>
    </ClInclude>
    <ClInclude Include="dict.h">
      <Filter>Header Files</Filter>
    </ClInclude>
    <ClInclude Include="eprog.h">
      <Filter>Header Files</Filter>
    </ClInclude>
    <ClInclude Include="escript.h">
      <Filter>Header Files</Filter>
    </ClInclude>
    <ClInclude Include="escriptv.h">
      <Filter>Header Files</Filter>
    </ClInclude>
    <ClInclude Include="escrutil.h">
      <Filter>Header Files</Filter>
    </ClInclude>
    <ClInclude Include="execmodl.h">
      <Filter>Header Files</Filter>
    </ClInclude>
    <ClInclude Include="exectype.h">
      <Filter>Header Files</Filter>
    </ClInclude>
    <ClInclude Include="executor.h">
      <Filter>Header Files</Filter>
    </ClInclude>
    <ClInclude Include="executortype.h">
      <Filter>Header Files</Filter>
    </ClInclude>
    <ClInclude Include="filefmt.h">
      <Filter>Header Files</Filter>
    </ClInclude>
    <ClInclude Include="fmodule.h">
      <Filter>Header Files</Filter>
    </ClInclude>
    <ClInclude Include="impstr.h">
      <Filter>Header Files</Filter>
    </ClInclude>
    <ClInclude Include="modules.h">
      <Filter>Header Files</Filter>
    </ClInclude>
    <ClInclude Include="objmembers.h">
      <Filter>Header Files</Filter>
    </ClInclude>
    <ClInclude Include="objmethods.h">
      <Filter>Header Files</Filter>
    </ClInclude>
    <ClInclude Include="operator.h">
      <Filter>Header Files</Filter>
    </ClInclude>
    <ClInclude Include="options.h">
      <Filter>Header Files</Filter>
    </ClInclude>
    <ClInclude Include="parser.h">
      <Filter>Header Files</Filter>
    </ClInclude>
    <ClInclude Include="StdAfx.h">
      <Filter>Header Files</Filter>
    </ClInclude>
    <ClInclude Include="symcont.h">
      <Filter>Header Files</Filter>
    </ClInclude>
    <ClInclude Include="token.h">
      <Filter>Header Files</Filter>
    </ClInclude>
    <ClInclude Include="tokens.h">
      <Filter>Header Files</Filter>
    </ClInclude>
    <ClInclude Include="userfunc.h">
      <Filter>Header Files</Filter>
    </ClInclude>
    <ClInclude Include="verbtbl.h">
      <Filter>Header Files</Filter>
    </ClInclude>
  </ItemGroup>
</Project>