<?xml version="1.0" encoding="utf-8"?>
<Project ToolsVersion="4.0" xmlns="http://schemas.microsoft.com/developer/msbuild/2003">
  <ItemGroup>
    <Filter Include="Source Files">
      <UniqueIdentifier>{40588c7d-4bd8-46b3-9ec1-ea427127f4af}</UniqueIdentifier>
      <Extensions>cpp;c;cxx;rc;def;r;odl;idl;hpj;bat</Extensions>
    </Filter>
    <Filter Include="Header Files">
      <UniqueIdentifier>{54cc4f5a-9df6-455f-b6f7-fb5c50c5dee8}</UniqueIdentifier>
      <Extensions>h;hpp;hxx;hm;inl</Extensions>
    </Filter>
    <Filter Include="crypt">
      <UniqueIdentifier>{23d5c811-97a9-4149-9902-9ea710a13b10}</UniqueIdentifier>
    </Filter>
    <Filter Include="zlib">
      <UniqueIdentifier>{fbd991f4-a273-4489-b21f-5cfb7d8f976f}</UniqueIdentifier>
    </Filter>
    <Filter Include="Resource Files">
      <UniqueIdentifier>{4ec05ab3-59f1-4b7d-9db9-e4129021979d}</UniqueIdentifier>
    </Filter>
    <Filter Include="accounts">
      <UniqueIdentifier>{799d38d7-7d76-465d-9c66-a171602a7c01}</UniqueIdentifier>
    </Filter>
    <Filter Include="mobile">
      <UniqueIdentifier>{f1358f64-4417-4d18-a020-5068c09a7f7d}</UniqueIdentifier>
    </Filter>
    <Filter Include="multi">
      <UniqueIdentifier>{417fdabe-c6c2-4998-86b4-70c4b84608d9}</UniqueIdentifier>
    </Filter>
    <Filter Include="network">
      <UniqueIdentifier>{76f25f15-63fe-4444-863e-a9925afc4b38}</UniqueIdentifier>
    </Filter>
    <Filter Include="region">
      <UniqueIdentifier>{2506fafa-c067-405a-9daa-c7fe44a3f69a}</UniqueIdentifier>
    </Filter>
    <Filter Include="module">
      <UniqueIdentifier>{5fafd17c-854c-4243-91fd-b1bcc238760f}</UniqueIdentifier>
    </Filter>
    <Filter Include="item">
      <UniqueIdentifier>{b093dcf4-0c75-4235-85ce-ede14f290c56}</UniqueIdentifier>
    </Filter>
	<Filter Include="globals">
      <UniqueIdentifier>{9974fe35-eaa2-4dd0-a1d4-11b9e0cd72b7}</UniqueIdentifier>
    </Filter>
  </ItemGroup>
  <ItemGroup>
    <ClCompile Include="allocd.cpp">
      <Filter>Source Files</Filter>
    </ClCompile>
    <ClCompile Include="binaryfilescrobj.cpp">
      <Filter>Source Files</Filter>
    </ClCompile>
    <ClCompile Include="bowsalut.cpp">
      <Filter>Source Files</Filter>
    </ClCompile>
    <ClCompile Include="cfgrepos.cpp">
      <Filter>Source Files</Filter>
    </ClCompile>
    <ClCompile Include="checkpnt.cpp">
      <Filter>Source Files</Filter>
    </ClCompile>
    <ClCompile Include="clfunc.cpp">
      <Filter>Source Files</Filter>
    </ClCompile>
    <ClCompile Include="cmbtcfg.cpp">
      <Filter>Source Files</Filter>
    </ClCompile>
    <ClCompile Include="cmdlevel.cpp">
      <Filter>Source Files</Filter>
    </ClCompile>
    <ClCompile Include="console.cpp">
      <Filter>Source Files</Filter>
    </ClCompile>
    <ClCompile Include="containr.cpp">
      <Filter>Source Files</Filter>
    </ClCompile>
    <ClCompile Include="core.cpp">
      <Filter>Source Files</Filter>
    </ClCompile>
    <ClCompile Include="create.cpp">
      <Filter>Source Files</Filter>
    </ClCompile>
    <ClCompile Include="ctable.cpp">
      <Filter>Source Files</Filter>
    </ClCompile>
    <ClCompile Include="dblclick.cpp">
      <Filter>Source Files</Filter>
    </ClCompile>
    <ClCompile Include="decay.cpp">
      <Filter>Source Files</Filter>
    </ClCompile>
    <ClCompile Include="dice.cpp">
      <Filter>Source Files</Filter>
    </ClCompile>
    <ClCompile Include="door.cpp">
      <Filter>Source Files</Filter>
    </ClCompile>
    <ClCompile Include="dropitem.cpp">
      <Filter>Source Files</Filter>
    </ClCompile>
    <ClCompile Include="eqpitem.cpp">
      <Filter>Source Files</Filter>
    </ClCompile>
    <ClCompile Include="equipdsc.cpp">
      <Filter>Source Files</Filter>
    </ClCompile>
    <ClCompile Include="exscrobj.cpp">
      <Filter>Source Files</Filter>
    </ClCompile>
    <ClCompile Include="fnsearch.cpp">
      <Filter>Source Files</Filter>
    </ClCompile>
    <ClCompile Include="gameclck.cpp">
      <Filter>Source Files</Filter>
    </ClCompile>
    <ClCompile Include="getitem.cpp">
      <Filter>Source Files</Filter>
    </ClCompile>
    <ClCompile Include="getmsg.cpp">
      <Filter>Source Files</Filter>
    </ClCompile>
    <ClCompile Include="guardrgn.cpp">
      <Filter>Source Files</Filter>
    </ClCompile>
    <ClCompile Include="help.cpp">
      <Filter>Source Files</Filter>
    </ClCompile>
    <ClCompile Include="irequest.cpp">
      <Filter>Source Files</Filter>
    </ClCompile>
    <ClCompile Include="landtile.cpp">
      <Filter>Source Files</Filter>
    </ClCompile>
    <ClCompile Include="listenpt.cpp">
      <Filter>Source Files</Filter>
    </ClCompile>
    <ClCompile Include="loaddata.cpp">
      <Filter>Source Files</Filter>
    </ClCompile>
    <ClCompile Include="loadunld.cpp">
      <Filter>Source Files</Filter>
    </ClCompile>
    <ClCompile Include="lockable.cpp">
      <Filter>Source Files</Filter>
    </ClCompile>
    <ClCompile Include="login.cpp">
      <Filter>Source Files</Filter>
    </ClCompile>
    <ClCompile Include="menu.cpp">
      <Filter>Source Files</Filter>
    </ClCompile>
    <ClCompile Include="menusel.cpp">
      <Filter>Source Files</Filter>
    </ClCompile>
    <ClCompile Include="miscmsg.cpp">
      <Filter>Source Files</Filter>
    </ClCompile>
    <ClCompile Include="miscrgn.cpp">
      <Filter>Source Files</Filter>
    </ClCompile>
    <ClCompile Include="mkscrobj.cpp">
      <Filter>Source Files</Filter>
    </ClCompile>
    <ClCompile Include="movecost.cpp">
      <Filter>Source Files</Filter>
    </ClCompile>
    <ClCompile Include="movement.cpp">
      <Filter>Source Files</Filter>
    </ClCompile>
    <ClCompile Include="musicrgn.cpp">
      <Filter>Source Files</Filter>
    </ClCompile>
    <ClCompile Include="npc.cpp">
      <Filter>Source Files</Filter>
    </ClCompile>
    <ClCompile Include="npctemplates.cpp">
      <Filter>Source Files</Filter>
    </ClCompile>
    <ClCompile Include="npctmpl.cpp">
      <Filter>Source Files</Filter>
    </ClCompile>
    <ClCompile Include="objecthash.cpp">
      <Filter>Source Files</Filter>
    </ClCompile>
    <ClCompile Include="packetscrobj.cpp">
      <Filter>Source Files</Filter>
    </ClCompile>
    <ClCompile Include="party.cpp">
      <Filter>Source Files</Filter>
    </ClCompile>
    <ClCompile Include="pol.cpp">
      <Filter>Source Files</Filter>
    </ClCompile>
    <ClCompile Include="polcfg.cpp">
      <Filter>Source Files</Filter>
    </ClCompile>
    <ClCompile Include="polclock.cpp">
      <Filter>Source Files</Filter>
    </ClCompile>
    <ClCompile Include="poldbg.cpp">
      <Filter>Source Files</Filter>
    </ClCompile>
    <ClCompile Include="polfile1.cpp">
      <Filter>Source Files</Filter>
    </ClCompile>
    <ClCompile Include="polfile2.cpp">
      <Filter>Source Files</Filter>
    </ClCompile>
    <ClCompile Include="polsem.cpp">
      <Filter>Source Files</Filter>
    </ClCompile>
    <ClCompile Include="polservice.cpp">
      <Filter>Source Files</Filter>
    </ClCompile>
    <ClCompile Include="polsig.cpp">
      <Filter>Source Files</Filter>
    </ClCompile>
    <ClCompile Include="polstats.cpp">
      <Filter>Source Files</Filter>
    </ClCompile>
    <ClCompile Include="poltest.cpp">
      <Filter>Source Files</Filter>
    </ClCompile>
    <ClCompile Include="polwww.cpp">
      <Filter>Source Files</Filter>
    </ClCompile>
    <ClCompile Include="proplist.cpp">
      <Filter>Source Files</Filter>
    </ClCompile>
    <ClCompile Include="realms.cpp">
      <Filter>Source Files</Filter>
    </ClCompile>
    <ClCompile Include="reftypes.cpp">
      <Filter>Source Files</Filter>
    </ClCompile>
    <ClCompile Include="region.cpp">
      <Filter>Source Files</Filter>
    </ClCompile>
    <ClCompile Include="repsys.cpp">
      <Filter>Source Files</Filter>
    </ClCompile>
    <ClCompile Include="resource.cpp">
      <Filter>Source Files</Filter>
    </ClCompile>
    <ClCompile Include="savedata.cpp">
      <Filter>Source Files</Filter>
    </ClCompile>
    <ClCompile Include="schedule.cpp">
      <Filter>Source Files</Filter>
    </ClCompile>
    <ClCompile Include="scrdef.cpp">
      <Filter>Source Files</Filter>
    </ClCompile>
    <ClCompile Include="scrsched.cpp">
      <Filter>Source Files</Filter>
    </ClCompile>
    <ClCompile Include="scrstore.cpp">
      <Filter>Source Files</Filter>
    </ClCompile>
    <ClCompile Include="skilladv.cpp">
      <Filter>Source Files</Filter>
    </ClCompile>
    <ClCompile Include="sngclick.cpp">
      <Filter>Source Files</Filter>
    </ClCompile>
    <ClCompile Include="sockio.cpp">
      <Filter>Source Files</Filter>
    </ClCompile>
    <ClCompile Include="speech.cpp">
      <Filter>Source Files</Filter>
    </ClCompile>
    <ClCompile Include="spelbook.cpp">
      <Filter>Source Files</Filter>
    </ClCompile>
    <ClCompile Include="spells.cpp">
      <Filter>Source Files</Filter>
    </ClCompile>
    <ClCompile Include="ssopt.cpp">
      <Filter>Source Files</Filter>
    </ClCompile>
    <ClCompile Include="stackcfg.cpp">
      <Filter>Source Files</Filter>
    </ClCompile>
    <ClCompile Include="startloc.cpp">
      <Filter>Source Files</Filter>
    </ClCompile>
    <ClCompile Include="statmsg.cpp">
      <Filter>Source Files</Filter>
    </ClCompile>
    <ClCompile Include="storage.cpp">
      <Filter>Source Files</Filter>
    </ClCompile>
    <ClCompile Include="syshook.cpp">
      <Filter>Source Files</Filter>
    </ClCompile>
    <ClCompile Include="target.cpp">
      <Filter>Source Files</Filter>
    </ClCompile>
    <ClCompile Include="tasks.cpp">
      <Filter>Source Files</Filter>
    </ClCompile>
    <ClCompile Include="textcmd.cpp">
      <Filter>Source Files</Filter>
    </ClCompile>
    <ClCompile Include="tildecmd.cpp">
      <Filter>Source Files</Filter>
    </ClCompile>
    <ClCompile Include="tiles.cpp">
      <Filter>Source Files</Filter>
    </ClCompile>
    <ClCompile Include="tiplstwn.cpp">
      <Filter>Source Files</Filter>
    </ClCompile>
    <ClCompile Include="tips.cpp">
      <Filter>Source Files</Filter>
    </ClCompile>
    <ClCompile Include="tmpvars.cpp">
      <Filter>Source Files</Filter>
    </ClCompile>
    <ClCompile Include="tooltips.cpp">
      <Filter>Source Files</Filter>
    </ClCompile>
    <ClCompile Include="ufunc.cpp">
      <Filter>Source Files</Filter>
    </ClCompile>
    <ClCompile Include="ufunc2.cpp">
      <Filter>Source Files</Filter>
    </ClCompile>
    <ClCompile Include="uimport.cpp">
      <Filter>Source Files</Filter>
    </ClCompile>
    <ClCompile Include="umap.cpp">
      <Filter>Source Files</Filter>
    </ClCompile>
    <ClCompile Include="uobjcnt.cpp">
      <Filter>Source Files</Filter>
    </ClCompile>
    <ClCompile Include="uobject.cpp">
      <Filter>Source Files</Filter>
    </ClCompile>
    <ClCompile Include="uobjhelp.cpp">
      <Filter>Source Files</Filter>
    </ClCompile>
    <ClCompile Include="uoclient.cpp">
      <Filter>Source Files</Filter>
    </ClCompile>
    <ClCompile Include="uoexhelp.cpp">
      <Filter>Source Files</Filter>
    </ClCompile>
    <ClCompile Include="uofile00.cpp">
      <Filter>Source Files</Filter>
    </ClCompile>
    <ClCompile Include="uofile01.cpp">
      <Filter>Source Files</Filter>
    </ClCompile>
    <ClCompile Include="uofile02.cpp">
      <Filter>Source Files</Filter>
    </ClCompile>
    <ClCompile Include="uofile06.cpp">
      <Filter>Source Files</Filter>
    </ClCompile>
    <ClCompile Include="uofile07.cpp">
      <Filter>Source Files</Filter>
    </ClCompile>
    <ClCompile Include="uofile08.cpp">
      <Filter>Source Files</Filter>
    </ClCompile>
    <ClCompile Include="uolisten.cpp">
      <Filter>Source Files</Filter>
    </ClCompile>
    <ClCompile Include="uoscrobj.cpp">
      <Filter>Source Files</Filter>
    </ClCompile>
    <ClCompile Include="uoskills.cpp">
      <Filter>Source Files</Filter>
    </ClCompile>
    <ClCompile Include="useskill.cpp">
      <Filter>Source Files</Filter>
    </ClCompile>
    <ClCompile Include="uworld.cpp">
      <Filter>Source Files</Filter>
    </ClCompile>
    <ClCompile Include="vital.cpp">
      <Filter>Source Files</Filter>
    </ClCompile>
    <ClCompile Include="xmlfilescrobj.cpp">
      <Filter>Source Files</Filter>
    </ClCompile>
    <ClCompile Include="zone.cpp">
      <Filter>Source Files</Filter>
    </ClCompile>
    <ClCompile Include="crypt\blowfish.cpp">
      <Filter>crypt</Filter>
    </ClCompile>
    <ClCompile Include="crypt\crypt.cpp">
      <Filter>crypt</Filter>
    </ClCompile>
    <ClCompile Include="crypt\cryptbase.cpp">
      <Filter>crypt</Filter>
    </ClCompile>
    <ClCompile Include="crypt\cryptengine.cpp">
      <Filter>crypt</Filter>
    </ClCompile>
    <ClCompile Include="crypt\cryptkey.cpp">
      <Filter>crypt</Filter>
    </ClCompile>
    <ClCompile Include="crypt\logincrypt.cpp">
      <Filter>crypt</Filter>
    </ClCompile>
    <ClCompile Include="crypt\md5.cpp">
      <Filter>crypt</Filter>
    </ClCompile>
    <ClCompile Include="crypt\twofish.cpp">
      <Filter>crypt</Filter>
    </ClCompile>
    <ClCompile Include="..\..\lib\zlib\adler32.c">
      <Filter>zlib</Filter>
    </ClCompile>
    <ClCompile Include="..\..\lib\zlib\compress.c">
      <Filter>zlib</Filter>
    </ClCompile>
    <ClCompile Include="..\..\lib\zlib\crc32.c">
      <Filter>zlib</Filter>
    </ClCompile>
    <ClCompile Include="..\..\lib\zlib\deflate.c">
      <Filter>zlib</Filter>
    </ClCompile>
    <ClCompile Include="..\..\lib\zlib\trees.c">
      <Filter>zlib</Filter>
    </ClCompile>
    <ClCompile Include="..\..\lib\zlib\zutil.c">
      <Filter>zlib</Filter>
    </ClCompile>
    <ClCompile Include="accounts\account.cpp">
      <Filter>accounts</Filter>
    </ClCompile>
    <ClCompile Include="accounts\accounts.cpp">
      <Filter>accounts</Filter>
    </ClCompile>
    <ClCompile Include="accounts\acscrobj.cpp">
      <Filter>accounts</Filter>
    </ClCompile>
    <ClCompile Include="mobile\attack.cpp">
      <Filter>mobile</Filter>
    </ClCompile>
    <ClCompile Include="mobile\attribute.cpp">
      <Filter>mobile</Filter>
    </ClCompile>
    <ClCompile Include="mobile\boundbox.cpp">
      <Filter>mobile</Filter>
    </ClCompile>
    <ClCompile Include="mobile\charactr.cpp">
      <Filter>mobile</Filter>
    </ClCompile>
    <ClCompile Include="mobile\chrcast.cpp">
      <Filter>mobile</Filter>
    </ClCompile>
    <ClCompile Include="mobile\chrituse.cpp">
      <Filter>mobile</Filter>
    </ClCompile>
    <ClCompile Include="mobile\chrskuse.cpp">
      <Filter>mobile</Filter>
    </ClCompile>
    <ClCompile Include="mobile\combat.cpp">
      <Filter>mobile</Filter>
    </ClCompile>
    <ClCompile Include="mobile\corpse.cpp">
      <Filter>mobile</Filter>
    </ClCompile>
    <ClCompile Include="multi\boat.cpp">
      <Filter>multi</Filter>
    </ClCompile>
    <ClCompile Include="multi\boatcomp.cpp">
      <Filter>multi</Filter>
    </ClCompile>
    <ClCompile Include="multi\customhousehelp.cpp">
      <Filter>multi</Filter>
    </ClCompile>
    <ClCompile Include="multi\customhouses.cpp">
      <Filter>multi</Filter>
    </ClCompile>
    <ClCompile Include="multi\house.cpp">
      <Filter>multi</Filter>
    </ClCompile>
    <ClCompile Include="multi\multicfg.cpp">
      <Filter>multi</Filter>
    </ClCompile>
    <ClCompile Include="multi\multicr.cpp">
      <Filter>multi</Filter>
    </ClCompile>
    <ClCompile Include="multi\multidef.cpp">
      <Filter>multi</Filter>
    </ClCompile>
    <ClCompile Include="multi\multidef2.cpp">
      <Filter>multi</Filter>
    </ClCompile>
    <ClCompile Include="multi\multis.cpp">
      <Filter>multi</Filter>
    </ClCompile>
    <ClCompile Include="network\auxclient.cpp">
      <Filter>network</Filter>
    </ClCompile>
    <ClCompile Include="network\bannedips.cpp">
      <Filter>network</Filter>
    </ClCompile>
    <ClCompile Include="network\cgdata.cpp">
      <Filter>network</Filter>
    </ClCompile>
    <ClCompile Include="network\client.cpp">
      <Filter>network</Filter>
    </ClCompile>
    <ClCompile Include="network\clientio.cpp">
      <Filter>network</Filter>
    </ClCompile>
    <ClCompile Include="network\cliface.cpp">
      <Filter>network</Filter>
    </ClCompile>
    <ClCompile Include="network\iostats.cpp">
      <Filter>network</Filter>
    </ClCompile>
    <ClCompile Include="network\packethooks.cpp">
      <Filter>network</Filter>
    </ClCompile>
    <ClCompile Include="network\packets.cpp">
      <Filter>network</Filter>
    </ClCompile>
    <ClCompile Include="module\attributemod.cpp">
      <Filter>module</Filter>
    </ClCompile>
    <ClCompile Include="module\basiciomod.cpp">
      <Filter>module</Filter>
    </ClCompile>
    <ClCompile Include="module\basicmod.cpp">
      <Filter>module</Filter>
    </ClCompile>
    <ClCompile Include="module\boatmod.cpp">
      <Filter>module</Filter>
    </ClCompile>
    <ClCompile Include="module\cfgmod.cpp">
      <Filter>module</Filter>
    </ClCompile>
    <ClCompile Include="module\clmod.cpp">
      <Filter>module</Filter>
    </ClCompile>
    <ClCompile Include="module\datastore.cpp">
      <Filter>module</Filter>
    </ClCompile>
    <ClCompile Include="module\filemod.cpp">
      <Filter>module</Filter>
    </ClCompile>
    <ClCompile Include="module\guildmod.cpp">
      <Filter>module</Filter>
    </ClCompile>
    <ClCompile Include="module\httpmod.cpp">
      <Filter>module</Filter>
    </ClCompile>
    <ClCompile Include="module\mathmod.cpp">
      <Filter>module</Filter>
    </ClCompile>
    <ClCompile Include="module\npcmod.cpp">
      <Filter>module</Filter>
    </ClCompile>
    <ClCompile Include="module\osmod.cpp">
      <Filter>module</Filter>
    </ClCompile>
    <ClCompile Include="module\partymod.cpp">
      <Filter>module</Filter>
    </ClCompile>
    <ClCompile Include="module\polsystemmod.cpp">
      <Filter>module</Filter>
    </ClCompile>
    <ClCompile Include="module\sqlmod.cpp">
      <Filter>module</Filter>
    </ClCompile>
    <ClCompile Include="module\storagemod.cpp">
      <Filter>module</Filter>
    </ClCompile>
    <ClCompile Include="module\unimod.cpp">
      <Filter>module</Filter>
    </ClCompile>
    <ClCompile Include="module\uomod.cpp">
      <Filter>module</Filter>
    </ClCompile>
    <ClCompile Include="module\uomod2.cpp">
      <Filter>module</Filter>
    </ClCompile>
    <ClCompile Include="module\uomod3.cpp">
      <Filter>module</Filter>
    </ClCompile>
    <ClCompile Include="module\uomod4.cpp">
      <Filter>module</Filter>
    </ClCompile>
    <ClCompile Include="module\utilmod.cpp">
      <Filter>module</Filter>
    </ClCompile>
    <ClCompile Include="module\vitalmod.cpp">
      <Filter>module</Filter>
    </ClCompile>
    <ClCompile Include="item\armor.cpp">
      <Filter>item</Filter>
    </ClCompile>
    <ClCompile Include="item\equipmnt.cpp">
      <Filter>item</Filter>
    </ClCompile>
    <ClCompile Include="item\item.cpp">
      <Filter>item</Filter>
    </ClCompile>
    <ClCompile Include="item\item00.cpp">
      <Filter>item</Filter>
    </ClCompile>
    <ClCompile Include="item\itemcr.cpp">
      <Filter>item</Filter>
    </ClCompile>
    <ClCompile Include="item\itemdesc.cpp">
      <Filter>item</Filter>
    </ClCompile>
    <ClCompile Include="item\weapon.cpp">
      <Filter>item</Filter>
    </ClCompile>
    <ClCompile Include="network\clienttransmit.cpp">
      <Filter>network</Filter>
    </ClCompile>
    <ClCompile Include="extobj.cpp">
      <Filter>Source Files</Filter>
    </ClCompile>
    <ClCompile Include="sqlscrobj.cpp">
      <Filter>Source Files</Filter>
    </ClCompile>
    <ClCompile Include="mobile\ufacing.cpp">
      <Filter>mobile</Filter>
    </ClCompile>
    <ClCompile Include="network\packetdefs.cpp">
      <Filter>network</Filter>
    </ClCompile>
	<ClCompile Include="mobile\wornitems.cpp">
      <Filter>mobile</Filter>
    </ClCompile>
    <ClCompile Include="network\msghandl.cpp">
      <Filter>network</Filter>
    </ClCompile>
    <ClCompile Include="network\msgfiltr.cpp">
      <Filter>network</Filter>
    </ClCompile>
    <ClCompile Include="network\clientthread.cpp">
      <Filter>network</Filter>
    </ClCompile>
	<ClCompile Include="syshookscript.cpp">
      <Filter>Source Files</Filter>
    </ClCompile>
    <ClCompile Include="uoexec.cpp">
      <Filter>Source Files</Filter>
    </ClCompile>
    <ClCompile Include="globals\ucfg.cpp">
      <Filter>globals</Filter>
    </ClCompile>
    <ClCompile Include="globals\uvars.cpp">
      <Filter>globals</Filter>
    </ClCompile>
    <ClCompile Include="globals\multidefs.cpp">
      <Filter>globals</Filter>
    </ClCompile>
  </ItemGroup>
  <ItemGroup>
    <ClInclude Include="action.h">
      <Filter>Header Files</Filter>
    </ClInclude>
    <ClInclude Include="allocd.h">
      <Filter>Header Files</Filter>
    </ClInclude>
    <ClInclude Include="anim.h">
      <Filter>Header Files</Filter>
    </ClInclude>
    <ClInclude Include="binaryfilescrobj.h">
      <Filter>Header Files</Filter>
    </ClInclude>
    <ClInclude Include="cfgrepos.h">
      <Filter>Header Files</Filter>
    </ClInclude>
    <ClInclude Include="checkpnt.h">
      <Filter>Header Files</Filter>
    </ClInclude>
    <ClInclude Include="clfunc.h">
      <Filter>Header Files</Filter>
    </ClInclude>
    <ClInclude Include="clidata.h">
      <Filter>Header Files</Filter>
    </ClInclude>
    <ClInclude Include="cmbtcfg.h">
      <Filter>Header Files</Filter>
    </ClInclude>
    <ClInclude Include="cmdlevel.h">
      <Filter>Header Files</Filter>
    </ClInclude>
    <ClInclude Include="config.h">
      <Filter>Header Files</Filter>
    </ClInclude>
    <ClInclude Include="containr.h">
      <Filter>Header Files</Filter>
    </ClInclude>
    <ClInclude Include="core.h">
      <Filter>Header Files</Filter>
    </ClInclude>
    <ClInclude Include="ctable.h">
      <Filter>Header Files</Filter>
    </ClInclude>
    <ClInclude Include="decay.h">
      <Filter>Header Files</Filter>
    </ClInclude>
    <ClInclude Include="dice.h">
      <Filter>Header Files</Filter>
    </ClInclude>
    <ClInclude Include="door.h">
      <Filter>Header Files</Filter>
    </ClInclude>
    <ClInclude Include="equipdsc.h">
      <Filter>Header Files</Filter>
    </ClInclude>
    <ClInclude Include="eventid.h">
      <Filter>Header Files</Filter>
    </ClInclude>
    <ClInclude Include="exscrobj.h">
      <Filter>Header Files</Filter>
    </ClInclude>
    <ClInclude Include="fnsearch.h">
      <Filter>Header Files</Filter>
    </ClInclude>
    <ClInclude Include="gameclck.h">
      <Filter>Header Files</Filter>
    </ClInclude>
    <ClInclude Include="getitem.h">
      <Filter>Header Files</Filter>
    </ClInclude>
    <ClInclude Include="guardrgn.h">
      <Filter>Header Files</Filter>
    </ClInclude>
    <ClInclude Include="layers.h">
      <Filter>Header Files</Filter>
    </ClInclude>
    <ClInclude Include="lightlvl.h">
      <Filter>Header Files</Filter>
    </ClInclude>
    <ClInclude Include="listenpt.h">
      <Filter>Header Files</Filter>
    </ClInclude>
    <ClInclude Include="loaddata.h">
      <Filter>Header Files</Filter>
    </ClInclude>
    <ClInclude Include="loadunld.h">
      <Filter>Header Files</Filter>
    </ClInclude>
    <ClInclude Include="lockable.h">
      <Filter>Header Files</Filter>
    </ClInclude>
    <ClInclude Include="los.h">
      <Filter>Header Files</Filter>
    </ClInclude>
    <ClInclude Include="mdelta.h">
      <Filter>Header Files</Filter>
    </ClInclude>
    <ClInclude Include="menu.h">
      <Filter>Header Files</Filter>
    </ClInclude>
    <ClInclude Include="miscrgn.h">
      <Filter>Header Files</Filter>
    </ClInclude>
    <ClInclude Include="mkscrobj.h">
      <Filter>Header Files</Filter>
    </ClInclude>
    <ClInclude Include="movecost.h">
      <Filter>Header Files</Filter>
    </ClInclude>
    <ClInclude Include="musicrgn.h">
      <Filter>Header Files</Filter>
    </ClInclude>
    <ClInclude Include="npc.h">
      <Filter>Header Files</Filter>
    </ClInclude>
    <ClInclude Include="npctmpl.h">
      <Filter>Header Files</Filter>
    </ClInclude>
    <ClInclude Include="objecthash.h">
      <Filter>Header Files</Filter>
    </ClInclude>
    <ClInclude Include="objtype.h">
      <Filter>Header Files</Filter>
    </ClInclude>
    <ClInclude Include="packetscrobj.h">
      <Filter>Header Files</Filter>
    </ClInclude>
    <ClInclude Include="party.h">
      <Filter>Header Files</Filter>
    </ClInclude>
    <ClInclude Include="pktboth.h">
      <Filter>Header Files</Filter>
    </ClInclude>
    <ClInclude Include="pktbothid.h">
      <Filter>Header Files</Filter>
    </ClInclude>
    <ClInclude Include="pktdef.h">
      <Filter>Header Files</Filter>
    </ClInclude>
    <ClInclude Include="pktin.h">
      <Filter>Header Files</Filter>
    </ClInclude>
    <ClInclude Include="pktinid.h">
      <Filter>Header Files</Filter>
    </ClInclude>
    <ClInclude Include="pktni.h">
      <Filter>Header Files</Filter>
    </ClInclude>
    <ClInclude Include="pktniid.h">
      <Filter>Header Files</Filter>
    </ClInclude>
    <ClInclude Include="pktout.h">
      <Filter>Header Files</Filter>
    </ClInclude>
    <ClInclude Include="pktoutid.h">
      <Filter>Header Files</Filter>
    </ClInclude>
    <ClInclude Include="polcfg.h">
      <Filter>Header Files</Filter>
    </ClInclude>
    <ClInclude Include="polclass.h">
      <Filter>Header Files</Filter>
    </ClInclude>
    <ClInclude Include="polclock.h">
      <Filter>Header Files</Filter>
    </ClInclude>
    <ClInclude Include="poldbg.h">
      <Filter>Header Files</Filter>
    </ClInclude>
    <ClInclude Include="polfile.h">
      <Filter>Header Files</Filter>
    </ClInclude>
    <ClInclude Include="polsem.h">
      <Filter>Header Files</Filter>
    </ClInclude>
    <ClInclude Include="polsig.h">
      <Filter>Header Files</Filter>
    </ClInclude>
    <ClInclude Include="polstats.h">
      <Filter>Header Files</Filter>
    </ClInclude>
    <ClInclude Include="poltest.h">
      <Filter>Header Files</Filter>
    </ClInclude>
    <ClInclude Include="poltimer.h">
      <Filter>Header Files</Filter>
    </ClInclude>
    <ClInclude Include="poltype.h">
      <Filter>Header Files</Filter>
    </ClInclude>
    <ClInclude Include="polvar.h">
      <Filter>Header Files</Filter>
    </ClInclude>
    <ClInclude Include="polwww.h">
      <Filter>Header Files</Filter>
    </ClInclude>
    <ClInclude Include="profile.h">
      <Filter>Header Files</Filter>
    </ClInclude>
    <ClInclude Include="proplist.h">
      <Filter>Header Files</Filter>
    </ClInclude>
    <ClInclude Include="realms.h">
      <Filter>Header Files</Filter>
    </ClInclude>
    <ClInclude Include="reftypes.h">
      <Filter>Header Files</Filter>
    </ClInclude>
    <ClInclude Include="region.h">
      <Filter>Header Files</Filter>
    </ClInclude>
    <ClInclude Include="repsys.h">
      <Filter>Header Files</Filter>
    </ClInclude>
    <ClInclude Include="resource.h">
      <Filter>Header Files</Filter>
    </ClInclude>
    <ClInclude Include="savedata.h">
      <Filter>Header Files</Filter>
    </ClInclude>
    <ClInclude Include="schedule.h">
      <Filter>Header Files</Filter>
    </ClInclude>
    <ClInclude Include="scrdef.h">
      <Filter>Header Files</Filter>
    </ClInclude>
    <ClInclude Include="scrsched.h">
      <Filter>Header Files</Filter>
    </ClInclude>
    <ClInclude Include="scrstore.h">
      <Filter>Header Files</Filter>
    </ClInclude>
    <ClInclude Include="servdesc.h">
      <Filter>Header Files</Filter>
    </ClInclude>
    <ClInclude Include="sfx.h">
      <Filter>Header Files</Filter>
    </ClInclude>
    <ClInclude Include="skilladv.h">
      <Filter>Header Files</Filter>
    </ClInclude>
    <ClInclude Include="skillid.h">
      <Filter>Header Files</Filter>
    </ClInclude>
    <ClInclude Include="skills.h">
      <Filter>Header Files</Filter>
    </ClInclude>
    <ClInclude Include="sockets.h">
      <Filter>Header Files</Filter>
    </ClInclude>
    <ClInclude Include="sockio.h">
      <Filter>Header Files</Filter>
    </ClInclude>
    <ClInclude Include="spelbook.h">
      <Filter>Header Files</Filter>
    </ClInclude>
    <ClInclude Include="spells.h">
      <Filter>Header Files</Filter>
    </ClInclude>
    <ClInclude Include="ssopt.h">
      <Filter>Header Files</Filter>
    </ClInclude>
    <ClInclude Include="startloc.h">
      <Filter>Header Files</Filter>
    </ClInclude>
    <ClInclude Include="statmsg.h">
      <Filter>Header Files</Filter>
    </ClInclude>
    <ClInclude Include="storage.h">
      <Filter>Header Files</Filter>
    </ClInclude>
    <ClInclude Include="stubdata.h">
      <Filter>Header Files</Filter>
    </ClInclude>
    <ClInclude Include="syshook.h">
      <Filter>Header Files</Filter>
    </ClInclude>
    <ClInclude Include="syshookscript.h">
      <Filter>Header Files</Filter>
    </ClInclude>
    <ClInclude Include="target.h">
      <Filter>Header Files</Filter>
    </ClInclude>
    <ClInclude Include="tasks.h">
      <Filter>Header Files</Filter>
    </ClInclude>
    <ClInclude Include="textcmd.h">
      <Filter>Header Files</Filter>
    </ClInclude>
    <ClInclude Include="tildecmd.h">
      <Filter>Header Files</Filter>
    </ClInclude>
    <ClInclude Include="tiles.h">
      <Filter>Header Files</Filter>
    </ClInclude>
    <ClInclude Include="tiplist.h">
      <Filter>Header Files</Filter>
    </ClInclude>
    <ClInclude Include="tmpvars.h">
      <Filter>Header Files</Filter>
    </ClInclude>
    <ClInclude Include="tooltips.h">
      <Filter>Header Files</Filter>
    </ClInclude>
    <ClInclude Include="uconst.h">
      <Filter>Header Files</Filter>
    </ClInclude>
    <ClInclude Include="udatfile.h">
      <Filter>Header Files</Filter>
    </ClInclude>
    <ClInclude Include="ufunc.h">
      <Filter>Header Files</Filter>
    </ClInclude>
    <ClInclude Include="ufuncinl.h">
      <Filter>Header Files</Filter>
    </ClInclude>
    <ClInclude Include="ufuncstd.h">
      <Filter>Header Files</Filter>
    </ClInclude>
    <ClInclude Include="uimport.h">
      <Filter>Header Files</Filter>
    </ClInclude>
    <ClInclude Include="umanip.h">
      <Filter>Header Files</Filter>
    </ClInclude>
    <ClInclude Include="umap.h">
      <Filter>Header Files</Filter>
    </ClInclude>
    <ClInclude Include="uobjcnt.h">
      <Filter>Header Files</Filter>
    </ClInclude>
    <ClInclude Include="uobject.h">
      <Filter>Header Files</Filter>
    </ClInclude>
    <ClInclude Include="uobjhelp.h">
      <Filter>Header Files</Filter>
    </ClInclude>
    <ClInclude Include="uoclient.h">
      <Filter>Header Files</Filter>
    </ClInclude>
    <ClInclude Include="uoexec.h">
      <Filter>Header Files</Filter>
    </ClInclude>
    <ClInclude Include="uoexhelp.h">
      <Filter>Header Files</Filter>
    </ClInclude>
    <ClInclude Include="uofile.h">
      <Filter>Header Files</Filter>
    </ClInclude>
    <ClInclude Include="uofilei.h">
      <Filter>Header Files</Filter>
    </ClInclude>
    <ClInclude Include="uoscrobj.h">
      <Filter>Header Files</Filter>
    </ClInclude>
    <ClInclude Include="uoskills.h">
      <Filter>Header Files</Filter>
    </ClInclude>
    <ClInclude Include="ustruct.h">
      <Filter>Header Files</Filter>
    </ClInclude>
    <ClInclude Include="utype.h">
      <Filter>Header Files</Filter>
    </ClInclude>
    <ClInclude Include="uworld.h">
      <Filter>Header Files</Filter>
    </ClInclude>
    <ClInclude Include="vital.h">
      <Filter>Header Files</Filter>
    </ClInclude>
    <ClInclude Include="watch.h">
      <Filter>Header Files</Filter>
    </ClInclude>
    <ClInclude Include="wrldsize.h">
      <Filter>Header Files</Filter>
    </ClInclude>
    <ClInclude Include="wthrtype.h">
      <Filter>Header Files</Filter>
    </ClInclude>
    <ClInclude Include="xbuffer.h">
      <Filter>Header Files</Filter>
    </ClInclude>
    <ClInclude Include="xmlfilescrobj.h">
      <Filter>Header Files</Filter>
    </ClInclude>
    <ClInclude Include="zone.h">
      <Filter>Header Files</Filter>
    </ClInclude>
    <ClInclude Include="crypt\blowfish.h">
      <Filter>crypt</Filter>
    </ClInclude>
    <ClInclude Include="crypt\crypt.h">
      <Filter>crypt</Filter>
    </ClInclude>
    <ClInclude Include="crypt\cryptbase.h">
      <Filter>crypt</Filter>
    </ClInclude>
    <ClInclude Include="crypt\cryptengine.h">
      <Filter>crypt</Filter>
    </ClInclude>
    <ClInclude Include="crypt\cryptkey.h">
      <Filter>crypt</Filter>
    </ClInclude>
    <ClInclude Include="crypt\logincrypt.h">
      <Filter>crypt</Filter>
    </ClInclude>
    <ClInclude Include="crypt\md5.h">
      <Filter>crypt</Filter>
    </ClInclude>
    <ClInclude Include="crypt\twofish.h">
      <Filter>crypt</Filter>
    </ClInclude>
    <ClInclude Include="polresource.h">
      <Filter>Resource Files</Filter>
    </ClInclude>
    <ClInclude Include="accounts\account.h">
      <Filter>accounts</Filter>
    </ClInclude>
    <ClInclude Include="accounts\accounts.h">
      <Filter>accounts</Filter>
    </ClInclude>
    <ClInclude Include="accounts\acscrobj.h">
      <Filter>accounts</Filter>
    </ClInclude>
    <ClInclude Include="mobile\attribute.h">
      <Filter>mobile</Filter>
    </ClInclude>
    <ClInclude Include="mobile\boundbox.h">
      <Filter>mobile</Filter>
    </ClInclude>
    <ClInclude Include="mobile\charactr.h">
      <Filter>mobile</Filter>
    </ClInclude>
    <ClInclude Include="mobile\combat.h">
      <Filter>mobile</Filter>
    </ClInclude>
    <ClInclude Include="mobile\ufacing.h">
      <Filter>mobile</Filter>
    </ClInclude>
    <ClInclude Include="multi\boat.h">
      <Filter>multi</Filter>
    </ClInclude>
    <ClInclude Include="multi\boatcomp.h">
      <Filter>multi</Filter>
    </ClInclude>
    <ClInclude Include="multi\customhouses.h">
      <Filter>multi</Filter>
    </ClInclude>
    <ClInclude Include="multi\house.h">
      <Filter>multi</Filter>
    </ClInclude>
    <ClInclude Include="multi\multi.h">
      <Filter>multi</Filter>
    </ClInclude>
    <ClInclude Include="multi\multidef.h">
      <Filter>multi</Filter>
    </ClInclude>
    <ClInclude Include="network\bannedips.h">
      <Filter>network</Filter>
    </ClInclude>
    <ClInclude Include="network\cgdata.h">
      <Filter>network</Filter>
    </ClInclude>
    <ClInclude Include="network\client.h">
      <Filter>network</Filter>
    </ClInclude>
    <ClInclude Include="network\cliface.h">
      <Filter>network</Filter>
    </ClInclude>
    <ClInclude Include="network\iostats.h">
      <Filter>network</Filter>
    </ClInclude>
    <ClInclude Include="network\packethooks.h">
      <Filter>network</Filter>
    </ClInclude>
    <ClInclude Include="network\packets.h">
      <Filter>network</Filter>
    </ClInclude>
    <ClInclude Include="module\attributemod.h">
      <Filter>module</Filter>
    </ClInclude>
    <ClInclude Include="module\basiciomod.h">
      <Filter>module</Filter>
    </ClInclude>
    <ClInclude Include="module\basicmod.h">
      <Filter>module</Filter>
    </ClInclude>
    <ClInclude Include="module\boatmod.h">
      <Filter>module</Filter>
    </ClInclude>
    <ClInclude Include="module\cfgmod.h">
      <Filter>module</Filter>
    </ClInclude>
    <ClInclude Include="module\clmod.h">
      <Filter>module</Filter>
    </ClInclude>
    <ClInclude Include="module\datastore.h">
      <Filter>module</Filter>
    </ClInclude>
    <ClInclude Include="module\filemod.h">
      <Filter>module</Filter>
    </ClInclude>
    <ClInclude Include="module\guildmod.h">
      <Filter>module</Filter>
    </ClInclude>
    <ClInclude Include="module\httpmod.h">
      <Filter>module</Filter>
    </ClInclude>
    <ClInclude Include="module\mathmod.h">
      <Filter>module</Filter>
    </ClInclude>
    <ClInclude Include="module\npcmod.h">
      <Filter>module</Filter>
    </ClInclude>
    <ClInclude Include="module\osmod.h">
      <Filter>module</Filter>
    </ClInclude>
    <ClInclude Include="module\partymod.h">
      <Filter>module</Filter>
    </ClInclude>
    <ClInclude Include="module\polsystemmod.h">
      <Filter>module</Filter>
    </ClInclude>
    <ClInclude Include="module\sqlmod.h">
      <Filter>module</Filter>
    </ClInclude>
    <ClInclude Include="module\storagemod.h">
      <Filter>module</Filter>
    </ClInclude>
    <ClInclude Include="module\unimod.h">
      <Filter>module</Filter>
    </ClInclude>
    <ClInclude Include="module\uomod.h">
      <Filter>module</Filter>
    </ClInclude>
    <ClInclude Include="module\utilmod.h">
      <Filter>module</Filter>
    </ClInclude>
    <ClInclude Include="module\vitalmod.h">
      <Filter>module</Filter>
    </ClInclude>
    <ClInclude Include="item\armor.h">
      <Filter>item</Filter>
    </ClInclude>
    <ClInclude Include="item\armrtmpl.h">
      <Filter>item</Filter>
    </ClInclude>
    <ClInclude Include="item\equipmnt.h">
      <Filter>item</Filter>
    </ClInclude>
    <ClInclude Include="item\item.h">
      <Filter>item</Filter>
    </ClInclude>
    <ClInclude Include="item\itemdesc.h">
      <Filter>item</Filter>
    </ClInclude>
    <ClInclude Include="item\weapon.h">
      <Filter>item</Filter>
    </ClInclude>
    <ClInclude Include="item\wepntmpl.h">
      <Filter>item</Filter>
    </ClInclude>
    <ClInclude Include="network\clienttransmit.h">
      <Filter>network</Filter>
    </ClInclude>
    <ClInclude Include="extobj.h">
      <Filter>Header Files</Filter>
    </ClInclude>
    <ClInclude Include="sqlscrobj.h">
      <Filter>Header Files</Filter>
    </ClInclude>
    <ClInclude Include="network\auxclient.h">
      <Filter>network</Filter>
    </ClInclude>
    <ClInclude Include="uopathnode.h">
      <Filter>Header Files</Filter>
    </ClInclude>
    <ClInclude Include="property.h">
      <Filter>Header Files</Filter>
    </ClInclude>
    <ClInclude Include="network\packetdefs.h">
      <Filter>network</Filter>
    </ClInclude>
    <ClInclude Include="mobile\corpse.h">
      <Filter>mobile</Filter>
    </ClInclude>
    <ClInclude Include="mobile\wornitems.h">
      <Filter>mobile</Filter>
    </ClInclude>
    <ClInclude Include="network\msgfiltr.h">
      <Filter>network</Filter>
    </ClInclude>
	<ClInclude Include="network\msghandl.h">
      <Filter>network</Filter>
    </ClInclude>
    <ClInclude Include="network\clientthread.h">
      <Filter>network</Filter>
    </ClInclude>
	<ClInclude Include="network\packethelper.h">
      <Filter>network</Filter>
    </ClInclude>
    <ClInclude Include="network\packetinterface.h">
      <Filter>network</Filter>
    </ClInclude>
    <ClInclude Include="console.h">
      <Filter>Header Files</Filter>
    </ClInclude>
	<ClInclude Include="globals\ucfg.h">
      <Filter>globals</Filter>
    </ClInclude>
    <ClInclude Include="globals\uvars.h">
      <Filter>globals</Filter>
    </ClInclude>
    <ClInclude Include="globals\multidefs.h">
      <Filter>globals</Filter>
    </ClInclude>
	<ClInclude Include="module\datastoreimp.h">
      <Filter>module</Filter>
    </ClInclude>
  </ItemGroup>
  <ItemGroup>
    <ResourceCompile Include="pol.rc">
      <Filter>Resource Files</Filter>
    </ResourceCompile>
  </ItemGroup>
  <ItemGroup>
    <None Include="poltray.ico">
      <Filter>Resource Files</Filter>
    </None>
  </ItemGroup>
  <ItemGroup>
    <MASM Include="..\clib\win2kcompat.masm" />
  </ItemGroup>
</Project>